// !$*UTF8*$!
{
	archiveVersion = 1;
	classes = {
	};
	objectVersion = 77;
	objects = {

/* Begin PBXBuildFile section */
		91A8EF702D4C6BB1003A2D04 /* ComposableArchitecture in Frameworks */ = {isa = PBXBuildFile; productRef = 91A8EF6F2D4C6BB1003A2D04 /* ComposableArchitecture */; };
/* End PBXBuildFile section */

/* Begin PBXContainerItemProxy section */
		91A8EF4E2D4C63C8003A2D04 /* PBXContainerItemProxy */ = {
			isa = PBXContainerItemProxy;
			containerPortal = 91A8EF352D4C63C6003A2D04 /* Project object */;
			proxyType = 1;
			remoteGlobalIDString = 91A8EF3C2D4C63C6003A2D04;
			remoteInfo = TCASample;
		};
		91A8EF582D4C63C8003A2D04 /* PBXContainerItemProxy */ = {
			isa = PBXContainerItemProxy;
			containerPortal = 91A8EF352D4C63C6003A2D04 /* Project object */;
			proxyType = 1;
			remoteGlobalIDString = 91A8EF3C2D4C63C6003A2D04;
			remoteInfo = TCASample;
		};
/* End PBXContainerItemProxy section */

/* Begin PBXFileReference section */
		91A8EF3D2D4C63C6003A2D04 /* TCASample.app */ = {isa = PBXFileReference; explicitFileType = wrapper.application; includeInIndex = 0; path = TCASample.app; sourceTree = BUILT_PRODUCTS_DIR; };
		91A8EF4D2D4C63C8003A2D04 /* TCASampleTests.xctest */ = {isa = PBXFileReference; explicitFileType = wrapper.cfbundle; includeInIndex = 0; path = TCASampleTests.xctest; sourceTree = BUILT_PRODUCTS_DIR; };
		91A8EF572D4C63C8003A2D04 /* TCASampleUITests.xctest */ = {isa = PBXFileReference; explicitFileType = wrapper.cfbundle; includeInIndex = 0; path = TCASampleUITests.xctest; sourceTree = BUILT_PRODUCTS_DIR; };
/* End PBXFileReference section */

/* Begin PBXFileSystemSynchronizedRootGroup section */
		91A8EF3F2D4C63C6003A2D04 /* TCASample */ = {
			isa = PBXFileSystemSynchronizedRootGroup;
			path = TCASample;
			sourceTree = "<group>";
		};
		91A8EF502D4C63C8003A2D04 /* TCASampleTests */ = {
			isa = PBXFileSystemSynchronizedRootGroup;
			path = TCASampleTests;
			sourceTree = "<group>";
		};
		91A8EF5A2D4C63C8003A2D04 /* TCASampleUITests */ = {
			isa = PBXFileSystemSynchronizedRootGroup;
			path = TCASampleUITests;
			sourceTree = "<group>";
		};
/* End PBXFileSystemSynchronizedRootGroup section */

/* Begin PBXFrameworksBuildPhase section */
		91A8EF3A2D4C63C6003A2D04 /* Frameworks */ = {
			isa = PBXFrameworksBuildPhase;
			buildActionMask = 2147483647;
			files = (
				91A8EF702D4C6BB1003A2D04 /* ComposableArchitecture in Frameworks */,
			);
			runOnlyForDeploymentPostprocessing = 0;
		};
		91A8EF4A2D4C63C8003A2D04 /* Frameworks */ = {
			isa = PBXFrameworksBuildPhase;
			buildActionMask = 2147483647;
			files = (
			);
			runOnlyForDeploymentPostprocessing = 0;
		};
		91A8EF542D4C63C8003A2D04 /* Frameworks */ = {
			isa = PBXFrameworksBuildPhase;
			buildActionMask = 2147483647;
			files = (
			);
			runOnlyForDeploymentPostprocessing = 0;
		};
/* End PBXFrameworksBuildPhase section */

/* Begin PBXGroup section */
		91A8EF342D4C63C6003A2D04 = {
			isa = PBXGroup;
			children = (
				91A8EF3F2D4C63C6003A2D04 /* TCASample */,
				91A8EF502D4C63C8003A2D04 /* TCASampleTests */,
				91A8EF5A2D4C63C8003A2D04 /* TCASampleUITests */,
				91A8EF3E2D4C63C6003A2D04 /* Products */,
			);
			sourceTree = "<group>";
		};
		91A8EF3E2D4C63C6003A2D04 /* Products */ = {
			isa = PBXGroup;
			children = (
				91A8EF3D2D4C63C6003A2D04 /* TCASample.app */,
				91A8EF4D2D4C63C8003A2D04 /* TCASampleTests.xctest */,
				91A8EF572D4C63C8003A2D04 /* TCASampleUITests.xctest */,
			);
			name = Products;
			sourceTree = "<group>";
		};
/* End PBXGroup section */

/* Begin PBXNativeTarget section */
		91A8EF3C2D4C63C6003A2D04 /* TCASample */ = {
			isa = PBXNativeTarget;
			buildConfigurationList = 91A8EF612D4C63C8003A2D04 /* Build configuration list for PBXNativeTarget "TCASample" */;
			buildPhases = (
				91A8EF392D4C63C6003A2D04 /* Sources */,
				91A8EF3A2D4C63C6003A2D04 /* Frameworks */,
				91A8EF3B2D4C63C6003A2D04 /* Resources */,
			);
			buildRules = (
			);
			dependencies = (
			);
			fileSystemSynchronizedGroups = (
				91A8EF3F2D4C63C6003A2D04 /* TCASample */,
			);
			name = TCASample;
			packageProductDependencies = (
				91A8EF6F2D4C6BB1003A2D04 /* ComposableArchitecture */,
			);
			productName = TCASample;
			productReference = 91A8EF3D2D4C63C6003A2D04 /* TCASample.app */;
			productType = "com.apple.product-type.application";
		};
		91A8EF4C2D4C63C8003A2D04 /* TCASampleTests */ = {
			isa = PBXNativeTarget;
			buildConfigurationList = 91A8EF642D4C63C8003A2D04 /* Build configuration list for PBXNativeTarget "TCASampleTests" */;
			buildPhases = (
				91A8EF492D4C63C8003A2D04 /* Sources */,
				91A8EF4A2D4C63C8003A2D04 /* Frameworks */,
				91A8EF4B2D4C63C8003A2D04 /* Resources */,
			);
			buildRules = (
			);
			dependencies = (
				91A8EF4F2D4C63C8003A2D04 /* PBXTargetDependency */,
			);
			fileSystemSynchronizedGroups = (
				91A8EF502D4C63C8003A2D04 /* TCASampleTests */,
			);
			name = TCASampleTests;
			packageProductDependencies = (
			);
			productName = TCASampleTests;
			productReference = 91A8EF4D2D4C63C8003A2D04 /* TCASampleTests.xctest */;
			productType = "com.apple.product-type.bundle.unit-test";
		};
		91A8EF562D4C63C8003A2D04 /* TCASampleUITests */ = {
			isa = PBXNativeTarget;
			buildConfigurationList = 91A8EF672D4C63C8003A2D04 /* Build configuration list for PBXNativeTarget "TCASampleUITests" */;
			buildPhases = (
				91A8EF532D4C63C8003A2D04 /* Sources */,
				91A8EF542D4C63C8003A2D04 /* Frameworks */,
				91A8EF552D4C63C8003A2D04 /* Resources */,
			);
			buildRules = (
			);
			dependencies = (
				91A8EF592D4C63C8003A2D04 /* PBXTargetDependency */,
			);
			fileSystemSynchronizedGroups = (
				91A8EF5A2D4C63C8003A2D04 /* TCASampleUITests */,
			);
			name = TCASampleUITests;
			packageProductDependencies = (
			);
			productName = TCASampleUITests;
			productReference = 91A8EF572D4C63C8003A2D04 /* TCASampleUITests.xctest */;
			productType = "com.apple.product-type.bundle.ui-testing";
		};
/* End PBXNativeTarget section */

/* Begin PBXProject section */
		91A8EF352D4C63C6003A2D04 /* Project object */ = {
			isa = PBXProject;
			attributes = {
				BuildIndependentTargetsInParallel = 1;
				LastSwiftUpdateCheck = 1620;
				LastUpgradeCheck = 1620;
				TargetAttributes = {
					91A8EF3C2D4C63C6003A2D04 = {
						CreatedOnToolsVersion = 16.2;
					};
					91A8EF4C2D4C63C8003A2D04 = {
						CreatedOnToolsVersion = 16.2;
						TestTargetID = 91A8EF3C2D4C63C6003A2D04;
					};
					91A8EF562D4C63C8003A2D04 = {
						CreatedOnToolsVersion = 16.2;
						TestTargetID = 91A8EF3C2D4C63C6003A2D04;
					};
				};
			};
			buildConfigurationList = 91A8EF382D4C63C6003A2D04 /* Build configuration list for PBXProject "TCASample" */;
			developmentRegion = en;
			hasScannedForEncodings = 0;
			knownRegions = (
				en,
				Base,
			);
			mainGroup = 91A8EF342D4C63C6003A2D04;
			minimizedProjectReferenceProxies = 1;
			packageReferences = (
				91A8EF6E2D4C6BB1003A2D04 /* XCRemoteSwiftPackageReference "swift-composable-architecture" */,
			);
			preferredProjectObjectVersion = 77;
			productRefGroup = 91A8EF3E2D4C63C6003A2D04 /* Products */;
			projectDirPath = "";
			projectRoot = "";
			targets = (
				91A8EF3C2D4C63C6003A2D04 /* TCASample */,
				91A8EF4C2D4C63C8003A2D04 /* TCASampleTests */,
				91A8EF562D4C63C8003A2D04 /* TCASampleUITests */,
			);
		};
/* End PBXProject section */

/* Begin PBXResourcesBuildPhase section */
		91A8EF3B2D4C63C6003A2D04 /* Resources */ = {
			isa = PBXResourcesBuildPhase;
			buildActionMask = 2147483647;
			files = (
			);
			runOnlyForDeploymentPostprocessing = 0;
		};
		91A8EF4B2D4C63C8003A2D04 /* Resources */ = {
			isa = PBXResourcesBuildPhase;
			buildActionMask = 2147483647;
			files = (
			);
			runOnlyForDeploymentPostprocessing = 0;
		};
		91A8EF552D4C63C8003A2D04 /* Resources */ = {
			isa = PBXResourcesBuildPhase;
			buildActionMask = 2147483647;
			files = (
			);
			runOnlyForDeploymentPostprocessing = 0;
		};
/* End PBXResourcesBuildPhase section */

/* Begin PBXSourcesBuildPhase section */
		91A8EF392D4C63C6003A2D04 /* Sources */ = {
			isa = PBXSourcesBuildPhase;
			buildActionMask = 2147483647;
			files = (
			);
			runOnlyForDeploymentPostprocessing = 0;
		};
		91A8EF492D4C63C8003A2D04 /* Sources */ = {
			isa = PBXSourcesBuildPhase;
			buildActionMask = 2147483647;
			files = (
			);
			runOnlyForDeploymentPostprocessing = 0;
		};
		91A8EF532D4C63C8003A2D04 /* Sources */ = {
			isa = PBXSourcesBuildPhase;
			buildActionMask = 2147483647;
			files = (
			);
			runOnlyForDeploymentPostprocessing = 0;
		};
/* End PBXSourcesBuildPhase section */

/* Begin PBXTargetDependency section */
		91A8EF4F2D4C63C8003A2D04 /* PBXTargetDependency */ = {
			isa = PBXTargetDependency;
			target = 91A8EF3C2D4C63C6003A2D04 /* TCASample */;
			targetProxy = 91A8EF4E2D4C63C8003A2D04 /* PBXContainerItemProxy */;
		};
		91A8EF592D4C63C8003A2D04 /* PBXTargetDependency */ = {
			isa = PBXTargetDependency;
			target = 91A8EF3C2D4C63C6003A2D04 /* TCASample */;
			targetProxy = 91A8EF582D4C63C8003A2D04 /* PBXContainerItemProxy */;
		};
/* End PBXTargetDependency section */

/* Begin XCBuildConfiguration section */
		91A8EF5F2D4C63C8003A2D04 /* Debug */ = {
			isa = XCBuildConfiguration;
			buildSettings = {
				ALWAYS_SEARCH_USER_PATHS = NO;
				ASSETCATALOG_COMPILER_GENERATE_SWIFT_ASSET_SYMBOL_EXTENSIONS = YES;
				CLANG_ANALYZER_NONNULL = YES;
				CLANG_ANALYZER_NUMBER_OBJECT_CONVERSION = YES_AGGRESSIVE;
				CLANG_CXX_LANGUAGE_STANDARD = "gnu++20";
				CLANG_ENABLE_MODULES = YES;
				CLANG_ENABLE_OBJC_ARC = YES;
				CLANG_ENABLE_OBJC_WEAK = YES;
				CLANG_WARN_BLOCK_CAPTURE_AUTORELEASING = YES;
				CLANG_WARN_BOOL_CONVERSION = YES;
				CLANG_WARN_COMMA = YES;
				CLANG_WARN_CONSTANT_CONVERSION = YES;
				CLANG_WARN_DEPRECATED_OBJC_IMPLEMENTATIONS = YES;
				CLANG_WARN_DIRECT_OBJC_ISA_USAGE = YES_ERROR;
				CLANG_WARN_DOCUMENTATION_COMMENTS = YES;
				CLANG_WARN_EMPTY_BODY = YES;
				CLANG_WARN_ENUM_CONVERSION = YES;
				CLANG_WARN_INFINITE_RECURSION = YES;
				CLANG_WARN_INT_CONVERSION = YES;
				CLANG_WARN_NON_LITERAL_NULL_CONVERSION = YES;
				CLANG_WARN_OBJC_IMPLICIT_RETAIN_SELF = YES;
				CLANG_WARN_OBJC_LITERAL_CONVERSION = YES;
				CLANG_WARN_OBJC_ROOT_CLASS = YES_ERROR;
				CLANG_WARN_QUOTED_INCLUDE_IN_FRAMEWORK_HEADER = YES;
				CLANG_WARN_RANGE_LOOP_ANALYSIS = YES;
				CLANG_WARN_STRICT_PROTOTYPES = YES;
				CLANG_WARN_SUSPICIOUS_MOVE = YES;
				CLANG_WARN_UNGUARDED_AVAILABILITY = YES_AGGRESSIVE;
				CLANG_WARN_UNREACHABLE_CODE = YES;
				CLANG_WARN__DUPLICATE_METHOD_MATCH = YES;
				COPY_PHASE_STRIP = NO;
				DEBUG_INFORMATION_FORMAT = dwarf;
				ENABLE_STRICT_OBJC_MSGSEND = YES;
				ENABLE_TESTABILITY = YES;
				ENABLE_USER_SCRIPT_SANDBOXING = YES;
				GCC_C_LANGUAGE_STANDARD = gnu17;
				GCC_DYNAMIC_NO_PIC = NO;
				GCC_NO_COMMON_BLOCKS = YES;
				GCC_OPTIMIZATION_LEVEL = 0;
				GCC_PREPROCESSOR_DEFINITIONS = (
					"DEBUG=1",
					"$(inherited)",
				);
				GCC_WARN_64_TO_32_BIT_CONVERSION = YES;
				GCC_WARN_ABOUT_RETURN_TYPE = YES_ERROR;
				GCC_WARN_UNDECLARED_SELECTOR = YES;
				GCC_WARN_UNINITIALIZED_AUTOS = YES_AGGRESSIVE;
				GCC_WARN_UNUSED_FUNCTION = YES;
				GCC_WARN_UNUSED_VARIABLE = YES;
				IPHONEOS_DEPLOYMENT_TARGET = 18.2;
				LOCALIZATION_PREFERS_STRING_CATALOGS = YES;
				MTL_ENABLE_DEBUG_INFO = INCLUDE_SOURCE;
				MTL_FAST_MATH = YES;
				ONLY_ACTIVE_ARCH = YES;
				SDKROOT = iphoneos;
				SWIFT_ACTIVE_COMPILATION_CONDITIONS = "DEBUG $(inherited)";
				SWIFT_OPTIMIZATION_LEVEL = "-Onone";
			};
			name = Debug;
		};
		91A8EF602D4C63C8003A2D04 /* Release */ = {
			isa = XCBuildConfiguration;
			buildSettings = {
				ALWAYS_SEARCH_USER_PATHS = NO;
				ASSETCATALOG_COMPILER_GENERATE_SWIFT_ASSET_SYMBOL_EXTENSIONS = YES;
				CLANG_ANALYZER_NONNULL = YES;
				CLANG_ANALYZER_NUMBER_OBJECT_CONVERSION = YES_AGGRESSIVE;
				CLANG_CXX_LANGUAGE_STANDARD = "gnu++20";
				CLANG_ENABLE_MODULES = YES;
				CLANG_ENABLE_OBJC_ARC = YES;
				CLANG_ENABLE_OBJC_WEAK = YES;
				CLANG_WARN_BLOCK_CAPTURE_AUTORELEASING = YES;
				CLANG_WARN_BOOL_CONVERSION = YES;
				CLANG_WARN_COMMA = YES;
				CLANG_WARN_CONSTANT_CONVERSION = YES;
				CLANG_WARN_DEPRECATED_OBJC_IMPLEMENTATIONS = YES;
				CLANG_WARN_DIRECT_OBJC_ISA_USAGE = YES_ERROR;
				CLANG_WARN_DOCUMENTATION_COMMENTS = YES;
				CLANG_WARN_EMPTY_BODY = YES;
				CLANG_WARN_ENUM_CONVERSION = YES;
				CLANG_WARN_INFINITE_RECURSION = YES;
				CLANG_WARN_INT_CONVERSION = YES;
				CLANG_WARN_NON_LITERAL_NULL_CONVERSION = YES;
				CLANG_WARN_OBJC_IMPLICIT_RETAIN_SELF = YES;
				CLANG_WARN_OBJC_LITERAL_CONVERSION = YES;
				CLANG_WARN_OBJC_ROOT_CLASS = YES_ERROR;
				CLANG_WARN_QUOTED_INCLUDE_IN_FRAMEWORK_HEADER = YES;
				CLANG_WARN_RANGE_LOOP_ANALYSIS = YES;
				CLANG_WARN_STRICT_PROTOTYPES = YES;
				CLANG_WARN_SUSPICIOUS_MOVE = YES;
				CLANG_WARN_UNGUARDED_AVAILABILITY = YES_AGGRESSIVE;
				CLANG_WARN_UNREACHABLE_CODE = YES;
				CLANG_WARN__DUPLICATE_METHOD_MATCH = YES;
				COPY_PHASE_STRIP = NO;
				DEBUG_INFORMATION_FORMAT = "dwarf-with-dsym";
				ENABLE_NS_ASSERTIONS = NO;
				ENABLE_STRICT_OBJC_MSGSEND = YES;
				ENABLE_USER_SCRIPT_SANDBOXING = YES;
				GCC_C_LANGUAGE_STANDARD = gnu17;
				GCC_NO_COMMON_BLOCKS = YES;
				GCC_WARN_64_TO_32_BIT_CONVERSION = YES;
				GCC_WARN_ABOUT_RETURN_TYPE = YES_ERROR;
				GCC_WARN_UNDECLARED_SELECTOR = YES;
				GCC_WARN_UNINITIALIZED_AUTOS = YES_AGGRESSIVE;
				GCC_WARN_UNUSED_FUNCTION = YES;
				GCC_WARN_UNUSED_VARIABLE = YES;
				IPHONEOS_DEPLOYMENT_TARGET = 18.2;
				LOCALIZATION_PREFERS_STRING_CATALOGS = YES;
				MTL_ENABLE_DEBUG_INFO = NO;
				MTL_FAST_MATH = YES;
				SDKROOT = iphoneos;
				SWIFT_COMPILATION_MODE = wholemodule;
				VALIDATE_PRODUCT = YES;
			};
			name = Release;
		};
		91A8EF622D4C63C8003A2D04 /* Debug */ = {
			isa = XCBuildConfiguration;
			buildSettings = {
				ASSETCATALOG_COMPILER_APPICON_NAME = AppIcon;
				ASSETCATALOG_COMPILER_GLOBAL_ACCENT_COLOR_NAME = AccentColor;
				CODE_SIGN_STYLE = Automatic;
				CURRENT_PROJECT_VERSION = 1;
				DEVELOPMENT_ASSET_PATHS = "\"TCASample/Preview Content\"";
				ENABLE_PREVIEWS = YES;
				GENERATE_INFOPLIST_FILE = YES;
				INFOPLIST_KEY_CFBundleDisplayName = TCA;
				INFOPLIST_KEY_LSApplicationCategoryType = "public.app-category.books";
				INFOPLIST_KEY_UIApplicationSceneManifest_Generation = YES;
				INFOPLIST_KEY_UIApplicationSupportsIndirectInputEvents = YES;
				INFOPLIST_KEY_UILaunchScreen_Generation = YES;
				INFOPLIST_KEY_UISupportedInterfaceOrientations = UIInterfaceOrientationPortrait;
				IPHONEOS_DEPLOYMENT_TARGET = 15;
				LD_RUNPATH_SEARCH_PATHS = (
					"$(inherited)",
					"@executable_path/Frameworks",
				);
				MARKETING_VERSION = 1.0;
				PRODUCT_BUNDLE_IDENTIFIER = com.thetelos.TCASample;
				PRODUCT_NAME = "$(TARGET_NAME)";
				SWIFT_EMIT_LOC_STRINGS = YES;
				SWIFT_VERSION = 5.0;
				TARGETED_DEVICE_FAMILY = "1,2";
			};
			name = Debug;
		};
		91A8EF632D4C63C8003A2D04 /* Release */ = {
			isa = XCBuildConfiguration;
			buildSettings = {
				ASSETCATALOG_COMPILER_APPICON_NAME = AppIcon;
				ASSETCATALOG_COMPILER_GLOBAL_ACCENT_COLOR_NAME = AccentColor;
				CODE_SIGN_STYLE = Automatic;
				CURRENT_PROJECT_VERSION = 1;
				DEVELOPMENT_ASSET_PATHS = "\"TCASample/Preview Content\"";
				ENABLE_PREVIEWS = YES;
				GENERATE_INFOPLIST_FILE = YES;
				INFOPLIST_KEY_CFBundleDisplayName = TCA;
				INFOPLIST_KEY_LSApplicationCategoryType = "public.app-category.books";
				INFOPLIST_KEY_UIApplicationSceneManifest_Generation = YES;
				INFOPLIST_KEY_UIApplicationSupportsIndirectInputEvents = YES;
				INFOPLIST_KEY_UILaunchScreen_Generation = YES;
				INFOPLIST_KEY_UISupportedInterfaceOrientations = UIInterfaceOrientationPortrait;
				IPHONEOS_DEPLOYMENT_TARGET = 15;
				LD_RUNPATH_SEARCH_PATHS = (
					"$(inherited)",
					"@executable_path/Frameworks",
				);
				MARKETING_VERSION = 1.0;
				PRODUCT_BUNDLE_IDENTIFIER = com.thetelos.TCASample;
				PRODUCT_NAME = "$(TARGET_NAME)";
				SWIFT_EMIT_LOC_STRINGS = YES;
				SWIFT_VERSION = 5.0;
				TARGETED_DEVICE_FAMILY = "1,2";
			};
			name = Release;
		};
		91A8EF652D4C63C8003A2D04 /* Debug */ = {
			isa = XCBuildConfiguration;
			buildSettings = {
				BUNDLE_LOADER = "$(TEST_HOST)";
				CODE_SIGN_STYLE = Automatic;
				CURRENT_PROJECT_VERSION = 1;
				GENERATE_INFOPLIST_FILE = YES;
				IPHONEOS_DEPLOYMENT_TARGET = 18.2;
				MARKETING_VERSION = 1.0;
				PRODUCT_BUNDLE_IDENTIFIER = com.thetelos.TCASampleTests;
				PRODUCT_NAME = "$(TARGET_NAME)";
				SWIFT_EMIT_LOC_STRINGS = NO;
				SWIFT_VERSION = 5.0;
				TARGETED_DEVICE_FAMILY = "1,2";
				TEST_HOST = "$(BUILT_PRODUCTS_DIR)/TCASample.app/$(BUNDLE_EXECUTABLE_FOLDER_PATH)/TCASample";
			};
			name = Debug;
		};
		91A8EF662D4C63C8003A2D04 /* Release */ = {
			isa = XCBuildConfiguration;
			buildSettings = {
				BUNDLE_LOADER = "$(TEST_HOST)";
				CODE_SIGN_STYLE = Automatic;
				CURRENT_PROJECT_VERSION = 1;
				GENERATE_INFOPLIST_FILE = YES;
				IPHONEOS_DEPLOYMENT_TARGET = 18.2;
				MARKETING_VERSION = 1.0;
				PRODUCT_BUNDLE_IDENTIFIER = com.thetelos.TCASampleTests;
				PRODUCT_NAME = "$(TARGET_NAME)";
				SWIFT_EMIT_LOC_STRINGS = NO;
				SWIFT_VERSION = 5.0;
				TARGETED_DEVICE_FAMILY = "1,2";
				TEST_HOST = "$(BUILT_PRODUCTS_DIR)/TCASample.app/$(BUNDLE_EXECUTABLE_FOLDER_PATH)/TCASample";
			};
			name = Release;
		};
		91A8EF682D4C63C8003A2D04 /* Debug */ = {
			isa = XCBuildConfiguration;
			buildSettings = {
				CODE_SIGN_STYLE = Automatic;
				CURRENT_PROJECT_VERSION = 1;
				GENERATE_INFOPLIST_FILE = YES;
				MARKETING_VERSION = 1.0;
				PRODUCT_BUNDLE_IDENTIFIER = com.thetelos.TCASampleUITests;
				PRODUCT_NAME = "$(TARGET_NAME)";
				SWIFT_EMIT_LOC_STRINGS = NO;
				SWIFT_VERSION = 5.0;
				TARGETED_DEVICE_FAMILY = "1,2";
				TEST_TARGET_NAME = TCASample;
			};
			name = Debug;
		};
		91A8EF692D4C63C8003A2D04 /* Release */ = {
			isa = XCBuildConfiguration;
			buildSettings = {
				CODE_SIGN_STYLE = Automatic;
				CURRENT_PROJECT_VERSION = 1;
				GENERATE_INFOPLIST_FILE = YES;
				MARKETING_VERSION = 1.0;
				PRODUCT_BUNDLE_IDENTIFIER = com.thetelos.TCASampleUITests;
				PRODUCT_NAME = "$(TARGET_NAME)";
				SWIFT_EMIT_LOC_STRINGS = NO;
				SWIFT_VERSION = 5.0;
				TARGETED_DEVICE_FAMILY = "1,2";
				TEST_TARGET_NAME = TCASample;
			};
			name = Release;
		};
/* End XCBuildConfiguration section */

/* Begin XCConfigurationList section */
		91A8EF382D4C63C6003A2D04 /* Build configuration list for PBXProject "TCASample" */ = {
			isa = XCConfigurationList;
			buildConfigurations = (
				91A8EF5F2D4C63C8003A2D04 /* Debug */,
				91A8EF602D4C63C8003A2D04 /* Release */,
			);
			defaultConfigurationIsVisible = 0;
			defaultConfigurationName = Release;
		};
		91A8EF612D4C63C8003A2D04 /* Build configuration list for PBXNativeTarget "TCASample" */ = {
			isa = XCConfigurationList;
			buildConfigurations = (
				91A8EF622D4C63C8003A2D04 /* Debug */,
				91A8EF632D4C63C8003A2D04 /* Release */,
			);
			defaultConfigurationIsVisible = 0;
			defaultConfigurationName = Release;
		};
		91A8EF642D4C63C8003A2D04 /* Build configuration list for PBXNativeTarget "TCASampleTests" */ = {
			isa = XCConfigurationList;
			buildConfigurations = (
				91A8EF652D4C63C8003A2D04 /* Debug */,
				91A8EF662D4C63C8003A2D04 /* Release */,
			);
			defaultConfigurationIsVisible = 0;
			defaultConfigurationName = Release;
		};
		91A8EF672D4C63C8003A2D04 /* Build configuration list for PBXNativeTarget "TCASampleUITests" */ = {
			isa = XCConfigurationList;
			buildConfigurations = (
				91A8EF682D4C63C8003A2D04 /* Debug */,
				91A8EF692D4C63C8003A2D04 /* Release */,
			);
			defaultConfigurationIsVisible = 0;
			defaultConfigurationName = Release;
		};
/* End XCConfigurationList section */

/* Begin XCRemoteSwiftPackageReference section */
		91A8EF6E2D4C6BB1003A2D04 /* XCRemoteSwiftPackageReference "swift-composable-architecture" */ = {
			isa = XCRemoteSwiftPackageReference;
			repositoryURL = "https://github.com/pointfreeco/swift-composable-architecture";
			requirement = {
				kind = upToNextMajorVersion;
				minimumVersion = 1.17.1;
			};
		};
/* End XCRemoteSwiftPackageReference section */

/* Begin XCSwiftPackageProductDependency section */
		91A8EF6F2D4C6BB1003A2D04 /* ComposableArchitecture */ = {
			isa = XCSwiftPackageProductDependency;
			package = 91A8EF6E2D4C6BB1003A2D04 /* XCRemoteSwiftPackageReference "swift-composable-architecture" */;
			productName = ComposableArchitecture;
		};
/* End XCSwiftPackageProductDependency section */
	};
	rootObject = 91A8EF352D4C63C6003A2D04 /* Project object */;
}
